// !$*UTF8*$!
{
	archiveVersion = 1;
	classes = {
	};
	objectVersion = 46;
	objects = {

/* Begin PBXBuildFile section */
		9F0D1AF71509D27A004BF85B /* uuid.mm in Sources */ = {isa = PBXBuildFile; fileRef = 9F0D1AF61509D27A004BF85B /* uuid.mm */; };
		9F87BD4D1507324A00C9FB7F /* Cocoa.framework in Frameworks */ = {isa = PBXBuildFile; fileRef = 9F87BD4C1507324A00C9FB7F /* Cocoa.framework */; };
		9F87BD571507324A00C9FB7F /* InfoPlist.strings in Resources */ = {isa = PBXBuildFile; fileRef = 9F87BD551507324A00C9FB7F /* InfoPlist.strings */; };
		9F87BD591507324A00C9FB7F /* main.m in Sources */ = {isa = PBXBuildFile; fileRef = 9F87BD581507324A00C9FB7F /* main.m */; };
		9F87BD5D1507324A00C9FB7F /* Credits.rtf in Resources */ = {isa = PBXBuildFile; fileRef = 9F87BD5B1507324A00C9FB7F /* Credits.rtf */; };
		9F87BD601507324A00C9FB7F /* AppDelegate.m in Sources */ = {isa = PBXBuildFile; fileRef = 9F87BD5F1507324A00C9FB7F /* AppDelegate.m */; };
		9F87BD631507324A00C9FB7F /* MainMenu.xib in Resources */ = {isa = PBXBuildFile; fileRef = 9F87BD611507324A00C9FB7F /* MainMenu.xib */; };
/* End PBXBuildFile section */

/* Begin PBXFileReference section */
		9F0D1AE91509D1EA004BF85B /* array.h */ = {isa = PBXFileReference; fileEncoding = 4; lastKnownFileType = sourcecode.c.h; path = array.h; sourceTree = "<group>"; };
		9F0D1AEA1509D1EA004BF85B /* devrand.h */ = {isa = PBXFileReference; fileEncoding = 4; lastKnownFileType = sourcecode.c.h; path = devrand.h; sourceTree = "<group>"; };
		9F0D1AEB1509D1EA004BF85B /* devrandom.h */ = {isa = PBXFileReference; fileEncoding = 4; lastKnownFileType = sourcecode.c.h; path = devrandom.h; sourceTree = "<group>"; };
		9F0D1AEC1509D1EA004BF85B /* iofwd.h */ = {isa = PBXFileReference; fileEncoding = 4; lastKnownFileType = sourcecode.c.h; path = iofwd.h; sourceTree = "<group>"; };
		9F0D1AED1509D1EA004BF85B /* iostate.h */ = {isa = PBXFileReference; fileEncoding = 4; lastKnownFileType = sourcecode.c.h; path = iostate.h; sourceTree = "<group>"; };
		9F0D1AEE1509D1EA004BF85B /* md5.h */ = {isa = PBXFileReference; fileEncoding = 4; lastKnownFileType = sourcecode.c.h; path = md5.h; sourceTree = "<group>"; };
		9F0D1AEF1509D1EA004BF85B /* randomstream.h */ = {isa = PBXFileReference; fileEncoding = 4; lastKnownFileType = sourcecode.c.h; path = randomstream.h; sourceTree = "<group>"; };
		9F0D1AF01509D1EA004BF85B /* unique.h */ = {isa = PBXFileReference; fileEncoding = 4; lastKnownFileType = sourcecode.c.h; path = unique.h; sourceTree = "<group>"; };
		9F0D1AF11509D1EA004BF85B /* uuid.h */ = {isa = PBXFileReference; fileEncoding = 4; lastKnownFileType = sourcecode.c.h; path = uuid.h; sourceTree = "<group>"; };
		9F0D1AF21509D1EA004BF85B /* winrand.h */ = {isa = PBXFileReference; fileEncoding = 4; lastKnownFileType = sourcecode.c.h; path = winrand.h; sourceTree = "<group>"; };
		9F0D1AF31509D1EA004BF85B /* winrandom.h */ = {isa = PBXFileReference; fileEncoding = 4; lastKnownFileType = sourcecode.c.h; path = winrandom.h; sourceTree = "<group>"; };
		9F0D1AF51509D251004BF85B /* uuid.h */ = {isa = PBXFileReference; fileEncoding = 4; lastKnownFileType = sourcecode.c.h; path = uuid.h; sourceTree = "<group>"; };
		9F0D1AF61509D27A004BF85B /* uuid.mm */ = {isa = PBXFileReference; fileEncoding = 4; lastKnownFileType = sourcecode.cpp.objcpp; path = uuid.mm; sourceTree = "<group>"; };
		9F87BD481507324A00C9FB7F /* cocoa.app */ = {isa = PBXFileReference; explicitFileType = wrapper.application; includeInIndex = 0; path = cocoa.app; sourceTree = BUILT_PRODUCTS_DIR; };
		9F87BD4C1507324A00C9FB7F /* Cocoa.framework */ = {isa = PBXFileReference; lastKnownFileType = wrapper.framework; name = Cocoa.framework; path = System/Library/Frameworks/Cocoa.framework; sourceTree = SDKROOT; };
		9F87BD4F1507324A00C9FB7F /* AppKit.framework */ = {isa = PBXFileReference; lastKnownFileType = wrapper.framework; name = AppKit.framework; path = System/Library/Frameworks/AppKit.framework; sourceTree = SDKROOT; };
		9F87BD501507324A00C9FB7F /* CoreData.framework */ = {isa = PBXFileReference; lastKnownFileType = wrapper.framework; name = CoreData.framework; path = System/Library/Frameworks/CoreData.framework; sourceTree = SDKROOT; };
		9F87BD511507324A00C9FB7F /* Foundation.framework */ = {isa = PBXFileReference; lastKnownFileType = wrapper.framework; name = Foundation.framework; path = System/Library/Frameworks/Foundation.framework; sourceTree = SDKROOT; };
		9F87BD541507324A00C9FB7F /* cocoa-Info.plist */ = {isa = PBXFileReference; lastKnownFileType = text.plist.xml; path = "cocoa-Info.plist"; sourceTree = "<group>"; };
		9F87BD561507324A00C9FB7F /* en */ = {isa = PBXFileReference; lastKnownFileType = text.plist.strings; name = en; path = en.lproj/InfoPlist.strings; sourceTree = "<group>"; };
		9F87BD581507324A00C9FB7F /* main.m */ = {isa = PBXFileReference; lastKnownFileType = sourcecode.c.objc; path = main.m; sourceTree = "<group>"; };
		9F87BD5A1507324A00C9FB7F /* cocoa-Prefix.pch */ = {isa = PBXFileReference; lastKnownFileType = sourcecode.c.h; path = "cocoa-Prefix.pch"; sourceTree = "<group>"; };
		9F87BD5C1507324A00C9FB7F /* en */ = {isa = PBXFileReference; lastKnownFileType = text.rtf; name = en; path = en.lproj/Credits.rtf; sourceTree = "<group>"; };
		9F87BD5E1507324A00C9FB7F /* AppDelegate.h */ = {isa = PBXFileReference; lastKnownFileType = sourcecode.c.h; path = AppDelegate.h; sourceTree = "<group>"; };
		9F87BD5F1507324A00C9FB7F /* AppDelegate.m */ = {isa = PBXFileReference; lastKnownFileType = sourcecode.c.objc; path = AppDelegate.m; sourceTree = "<group>"; };
		9F87BD621507324A00C9FB7F /* en */ = {isa = PBXFileReference; lastKnownFileType = file.xib; name = en; path = en.lproj/MainMenu.xib; sourceTree = "<group>"; };
/* End PBXFileReference section */

/* Begin PBXFrameworksBuildPhase section */
		9F87BD451507324A00C9FB7F /* Frameworks */ = {
			isa = PBXFrameworksBuildPhase;
			buildActionMask = 2147483647;
			files = (
				9F87BD4D1507324A00C9FB7F /* Cocoa.framework in Frameworks */,
			);
			runOnlyForDeploymentPostprocessing = 0;
		};
/* End PBXFrameworksBuildPhase section */

/* Begin PBXGroup section */
		9F0D1AE81509D1EA004BF85B /* kashmir */ = {
			isa = PBXGroup;
			children = (
				9F0D1AE91509D1EA004BF85B /* array.h */,
				9F0D1AEA1509D1EA004BF85B /* devrand.h */,
				9F0D1AEB1509D1EA004BF85B /* devrandom.h */,
				9F0D1AEC1509D1EA004BF85B /* iofwd.h */,
				9F0D1AED1509D1EA004BF85B /* iostate.h */,
				9F0D1AEE1509D1EA004BF85B /* md5.h */,
				9F0D1AEF1509D1EA004BF85B /* randomstream.h */,
				9F0D1AF01509D1EA004BF85B /* unique.h */,
				9F0D1AF11509D1EA004BF85B /* uuid.h */,
				9F0D1AF21509D1EA004BF85B /* winrand.h */,
				9F0D1AF31509D1EA004BF85B /* winrandom.h */,
			);
			path = kashmir;
			sourceTree = "<group>";
		};
		9F87BD3D1507324900C9FB7F = {
			isa = PBXGroup;
			children = (
				9F87BD521507324A00C9FB7F /* cocoa */,
				9F87BD4B1507324A00C9FB7F /* Frameworks */,
				9F87BD491507324A00C9FB7F /* Products */,
			);
			sourceTree = "<group>";
		};
		9F87BD491507324A00C9FB7F /* Products */ = {
			isa = PBXGroup;
			children = (
				9F87BD481507324A00C9FB7F /* cocoa.app */,
			);
			name = Products;
			sourceTree = "<group>";
		};
		9F87BD4B1507324A00C9FB7F /* Frameworks */ = {
			isa = PBXGroup;
			children = (
				9F87BD4C1507324A00C9FB7F /* Cocoa.framework */,
				9F87BD4E1507324A00C9FB7F /* Other Frameworks */,
			);
			name = Frameworks;
			sourceTree = "<group>";
		};
		9F87BD4E1507324A00C9FB7F /* Other Frameworks */ = {
			isa = PBXGroup;
			children = (
				9F87BD4F1507324A00C9FB7F /* AppKit.framework */,
				9F87BD501507324A00C9FB7F /* CoreData.framework */,
				9F87BD511507324A00C9FB7F /* Foundation.framework */,
			);
			name = "Other Frameworks";
			sourceTree = "<group>";
		};
		9F87BD521507324A00C9FB7F /* cocoa */ = {
			isa = PBXGroup;
			children = (
				9F87BD5E1507324A00C9FB7F /* AppDelegate.h */,
				9F87BD5F1507324A00C9FB7F /* AppDelegate.m */,
				9F0D1AF51509D251004BF85B /* uuid.h */,
				9F0D1AF61509D27A004BF85B /* uuid.mm */,
				9F0D1AE81509D1EA004BF85B /* kashmir */,
				9F87BD611507324A00C9FB7F /* MainMenu.xib */,
				9F87BD531507324A00C9FB7F /* Supporting Files */,
			);
			path = cocoa;
			sourceTree = "<group>";
		};
		9F87BD531507324A00C9FB7F /* Supporting Files */ = {
			isa = PBXGroup;
			children = (
				9F87BD541507324A00C9FB7F /* cocoa-Info.plist */,
				9F87BD551507324A00C9FB7F /* InfoPlist.strings */,
				9F87BD581507324A00C9FB7F /* main.m */,
				9F87BD5A1507324A00C9FB7F /* cocoa-Prefix.pch */,
				9F87BD5B1507324A00C9FB7F /* Credits.rtf */,
			);
			name = "Supporting Files";
			sourceTree = "<group>";
		};
/* End PBXGroup section */

/* Begin PBXNativeTarget section */
		9F87BD471507324A00C9FB7F /* cocoa */ = {
			isa = PBXNativeTarget;
			buildConfigurationList = 9F87BD661507324A00C9FB7F /* Build configuration list for PBXNativeTarget "cocoa" */;
			buildPhases = (
				9F87BD441507324A00C9FB7F /* Sources */,
				9F87BD451507324A00C9FB7F /* Frameworks */,
				9F87BD461507324A00C9FB7F /* Resources */,
			);
			buildRules = (
			);
			dependencies = (
			);
			name = cocoa;
			productName = cocoa;
			productReference = 9F87BD481507324A00C9FB7F /* cocoa.app */;
			productType = "com.apple.product-type.application";
		};
/* End PBXNativeTarget section */

/* Begin PBXProject section */
		9F87BD3F1507324900C9FB7F /* Project object */ = {
			isa = PBXProject;
			attributes = {
				LastUpgradeCheck = 0420;
			};
			buildConfigurationList = 9F87BD421507324900C9FB7F /* Build configuration list for PBXProject "cocoa" */;
			compatibilityVersion = "Xcode 3.2";
			developmentRegion = English;
			hasScannedForEncodings = 0;
			knownRegions = (
				en,
			);
			mainGroup = 9F87BD3D1507324900C9FB7F;
			productRefGroup = 9F87BD491507324A00C9FB7F /* Products */;
			projectDirPath = "";
			projectRoot = "";
			targets = (
				9F87BD471507324A00C9FB7F /* cocoa */,
			);
		};
/* End PBXProject section */

/* Begin PBXResourcesBuildPhase section */
		9F87BD461507324A00C9FB7F /* Resources */ = {
			isa = PBXResourcesBuildPhase;
			buildActionMask = 2147483647;
			files = (
				9F87BD571507324A00C9FB7F /* InfoPlist.strings in Resources */,
				9F87BD5D1507324A00C9FB7F /* Credits.rtf in Resources */,
				9F87BD631507324A00C9FB7F /* MainMenu.xib in Resources */,
			);
			runOnlyForDeploymentPostprocessing = 0;
		};
/* End PBXResourcesBuildPhase section */

/* Begin PBXSourcesBuildPhase section */
		9F87BD441507324A00C9FB7F /* Sources */ = {
			isa = PBXSourcesBuildPhase;
			buildActionMask = 2147483647;
			files = (
				9F87BD591507324A00C9FB7F /* main.m in Sources */,
				9F87BD601507324A00C9FB7F /* AppDelegate.m in Sources */,
				9F0D1AF71509D27A004BF85B /* uuid.mm in Sources */,
			);
			runOnlyForDeploymentPostprocessing = 0;
		};
/* End PBXSourcesBuildPhase section */

/* Begin PBXVariantGroup section */
		9F87BD551507324A00C9FB7F /* InfoPlist.strings */ = {
			isa = PBXVariantGroup;
			children = (
				9F87BD561507324A00C9FB7F /* en */,
			);
			name = InfoPlist.strings;
			sourceTree = "<group>";
		};
		9F87BD5B1507324A00C9FB7F /* Credits.rtf */ = {
			isa = PBXVariantGroup;
			children = (
				9F87BD5C1507324A00C9FB7F /* en */,
			);
			name = Credits.rtf;
			sourceTree = "<group>";
		};
		9F87BD611507324A00C9FB7F /* MainMenu.xib */ = {
			isa = PBXVariantGroup;
			children = (
				9F87BD621507324A00C9FB7F /* en */,
			);
			name = MainMenu.xib;
			sourceTree = "<group>";
		};
/* End PBXVariantGroup section */

/* Begin XCBuildConfiguration section */
		9F87BD641507324A00C9FB7F /* Debug */ = {
			isa = XCBuildConfiguration;
			buildSettings = {
				ALWAYS_SEARCH_USER_PATHS = NO;
				ARCHS = "$(ARCHS_STANDARD_64_BIT)";
				CLANG_ENABLE_OBJC_ARC = YES;
				COPY_PHASE_STRIP = NO;
				GCC_C_LANGUAGE_STANDARD = gnu99;
				GCC_DYNAMIC_NO_PIC = NO;
				GCC_ENABLE_OBJC_EXCEPTIONS = YES;
				GCC_OPTIMIZATION_LEVEL = 0;
				GCC_PREPROCESSOR_DEFINITIONS = (
					"DEBUG=1",
					"$(inherited)",
				);
				GCC_SYMBOLS_PRIVATE_EXTERN = NO;
				GCC_VERSION = com.apple.compilers.llvm.clang.1_0;
				GCC_WARN_64_TO_32_BIT_CONVERSION = YES;
				GCC_WARN_ABOUT_MISSING_PROTOTYPES = YES;
				GCC_WARN_ABOUT_RETURN_TYPE = YES;
				GCC_WARN_UNUSED_VARIABLE = YES;
				MACOSX_DEPLOYMENT_TARGET = 10.7;
				ONLY_ACTIVE_ARCH = YES;
				SDKROOT = macosx;
			};
			name = Debug;
		};
		9F87BD651507324A00C9FB7F /* Release */ = {
			isa = XCBuildConfiguration;
			buildSettings = {
				ALWAYS_SEARCH_USER_PATHS = NO;
				ARCHS = "$(ARCHS_STANDARD_64_BIT)";
				CLANG_ENABLE_OBJC_ARC = YES;
				COPY_PHASE_STRIP = YES;
				DEBUG_INFORMATION_FORMAT = "dwarf-with-dsym";
				GCC_C_LANGUAGE_STANDARD = gnu99;
				GCC_ENABLE_OBJC_EXCEPTIONS = YES;
				GCC_VERSION = com.apple.compilers.llvm.clang.1_0;
				GCC_WARN_64_TO_32_BIT_CONVERSION = YES;
				GCC_WARN_ABOUT_MISSING_PROTOTYPES = YES;
				GCC_WARN_ABOUT_RETURN_TYPE = YES;
				GCC_WARN_UNUSED_VARIABLE = YES;
				MACOSX_DEPLOYMENT_TARGET = 10.7;
				SDKROOT = macosx;
			};
			name = Release;
		};
		9F87BD671507324A00C9FB7F /* Debug */ = {
			isa = XCBuildConfiguration;
			buildSettings = {
				GCC_PRECOMPILE_PREFIX_HEADER = YES;
				GCC_PREFIX_HEADER = "cocoa/cocoa-Prefix.pch";
				INFOPLIST_FILE = "cocoa/cocoa-Info.plist";
				PRODUCT_NAME = "$(TARGET_NAME)";
				WRAPPER_EXTENSION = app;
			};
			name = Debug;
		};
		9F87BD681507324A00C9FB7F /* Release */ = {
			isa = XCBuildConfiguration;
			buildSettings = {
				GCC_PRECOMPILE_PREFIX_HEADER = YES;
				GCC_PREFIX_HEADER = "cocoa/cocoa-Prefix.pch";
				INFOPLIST_FILE = "cocoa/cocoa-Info.plist";
				PRODUCT_NAME = "$(TARGET_NAME)";
				WRAPPER_EXTENSION = app;
			};
			name = Release;
		};
/* End XCBuildConfiguration section */

/* Begin XCConfigurationList section */
		9F87BD421507324900C9FB7F /* Build configuration list for PBXProject "cocoa" */ = {
			isa = XCConfigurationList;
			buildConfigurations = (
				9F87BD641507324A00C9FB7F /* Debug */,
				9F87BD651507324A00C9FB7F /* Release */,
			);
			defaultConfigurationIsVisible = 0;
			defaultConfigurationName = Release;
		};
		9F87BD661507324A00C9FB7F /* Build configuration list for PBXNativeTarget "cocoa" */ = {
			isa = XCConfigurationList;
			buildConfigurations = (
				9F87BD671507324A00C9FB7F /* Debug */,
				9F87BD681507324A00C9FB7F /* Release */,
			);
			defaultConfigurationIsVisible = 0;
			defaultConfigurationName = Release;
		};
/* End XCConfigurationList section */
	};
	rootObject = 9F87BD3F1507324900C9FB7F /* Project object */;
}
